
Microsoft Visual Studio Solution File, Format Version 12.00
# Visual Studio Version 17
VisualStudioVersion = 17.8.34511.84
MinimumVisualStudioVersion = 10.0.40219.1
Project("{FAE04EC0-301F-11D3-BF4B-00C04F79EFBC}") = "MVC", "MVC.csproj", "{68BB6D5B-A7EC-48F4-B845-DF7E9DF25BC2}"
EndProject
Global
	GlobalSection(SolutionConfigurationPlatforms) = preSolution
		Debug|Any CPU = Debug|Any CPU
		Release|Any CPU = Release|Any CPU
	EndGlobalSection
	GlobalSection(ProjectConfigurationPlatforms) = postSolution
		{68BB6D5B-A7EC-48F4-B845-DF7E9DF25BC2}.Debug|Any CPU.ActiveCfg = Debug|Any CPU
		{68BB6D5B-A7EC-48F4-B845-DF7E9DF25BC2}.Debug|Any CPU.Build.0 = Debug|Any CPU
		{68BB6D5B-A7EC-48F4-B845-DF7E9DF25BC2}.Release|Any CPU.ActiveCfg = Release|Any CPU
		{68BB6D5B-A7EC-48F4-B845-DF7E9DF25BC2}.Release|Any CPU.Build.0 = Release|Any CPU
	EndGlobalSection
	GlobalSection(SolutionProperties) = preSolution
		HideSolutionNode = FALSE
	EndGlobalSection
	GlobalSection(ExtensibilityGlobals) = postSolution
		SolutionGuid = {55AE1778-E746-4BB6-B75E-CF35946EEAAD}
	EndGlobalSection
EndGlobal
